
Microsoft Visual Studio Solution File, Format Version 12.00
# Visual Studio Version 17
VisualStudioVersion = 17.1.32407.343
MinimumVisualStudioVersion = 10.0.40219.1
Project("{FAE04EC0-301F-11D3-BF4B-00C04F79EFBC}") = "FarmaciaWeb", "FarmaciaWeb\FarmaciaWeb.csproj", "{8C71EC4F-BD89-43F9-B218-2A684FA5F399}"
EndProject
Project("{FAE04EC0-301F-11D3-BF4B-00C04F79EFBC}") = "farmaciaEDM", "farmaciaEDM\farmaciaEDM.csproj", "{8D61336C-AB39-49F3-857C-644DE44FB44D}"
EndProject
Project("{FAE04EC0-301F-11D3-BF4B-00C04F79EFBC}") = "FarmaciaDAO", "FarmaciaDAO\FarmaciaDAO.csproj", "{C20A9637-A8A1-4DA8-81C9-4DCE79AEB9A7}"
EndProject
Global
	GlobalSection(SolutionConfigurationPlatforms) = preSolution
		Debug|Any CPU = Debug|Any CPU
		Release|Any CPU = Release|Any CPU
	EndGlobalSection
	GlobalSection(ProjectConfigurationPlatforms) = postSolution
		{8C71EC4F-BD89-43F9-B218-2A684FA5F399}.Debug|Any CPU.ActiveCfg = Debug|Any CPU
		{8C71EC4F-BD89-43F9-B218-2A684FA5F399}.Debug|Any CPU.Build.0 = Debug|Any CPU
		{8C71EC4F-BD89-43F9-B218-2A684FA5F399}.Release|Any CPU.ActiveCfg = Release|Any CPU
		{8C71EC4F-BD89-43F9-B218-2A684FA5F399}.Release|Any CPU.Build.0 = Release|Any CPU
		{8D61336C-AB39-49F3-857C-644DE44FB44D}.Debug|Any CPU.ActiveCfg = Debug|Any CPU
		{8D61336C-AB39-49F3-857C-644DE44FB44D}.Debug|Any CPU.Build.0 = Debug|Any CPU
		{8D61336C-AB39-49F3-857C-644DE44FB44D}.Release|Any CPU.ActiveCfg = Release|Any CPU
		{8D61336C-AB39-49F3-857C-644DE44FB44D}.Release|Any CPU.Build.0 = Release|Any CPU
		{C20A9637-A8A1-4DA8-81C9-4DCE79AEB9A7}.Debug|Any CPU.ActiveCfg = Debug|Any CPU
		{C20A9637-A8A1-4DA8-81C9-4DCE79AEB9A7}.Debug|Any CPU.Build.0 = Debug|Any CPU
		{C20A9637-A8A1-4DA8-81C9-4DCE79AEB9A7}.Release|Any CPU.ActiveCfg = Release|Any CPU
		{C20A9637-A8A1-4DA8-81C9-4DCE79AEB9A7}.Release|Any CPU.Build.0 = Release|Any CPU
	EndGlobalSection
	GlobalSection(SolutionProperties) = preSolution
		HideSolutionNode = FALSE
	EndGlobalSection
	GlobalSection(ExtensibilityGlobals) = postSolution
		SolutionGuid = {0B088C4D-DCFF-4288-9EC8-6B8065418057}
	EndGlobalSection
EndGlobal
